
Microsoft Visual Studio Solution File, Format Version 12.00
# Visual Studio Version 16
VisualStudioVersion = 16.0.30523.141
MinimumVisualStudioVersion = 10.0.40219.1
Project("{FAE04EC0-301F-11D3-BF4B-00C04F79EFBC}") = "L2P-RPG-GOI", "L2P-RPG-GOI\L2P-RPG-GOI.csproj", "{7D35E8E4-B788-4AF5-85DF-2BB1C3EF0BBE}"
EndProject
Global
	GlobalSection(SolutionConfigurationPlatforms) = preSolution
		Debug|Any CPU = Debug|Any CPU
		Release|Any CPU = Release|Any CPU
	EndGlobalSection
	GlobalSection(ProjectConfigurationPlatforms) = postSolution
		{7D35E8E4-B788-4AF5-85DF-2BB1C3EF0BBE}.Debug|Any CPU.ActiveCfg = Debug|Any CPU
		{7D35E8E4-B788-4AF5-85DF-2BB1C3EF0BBE}.Debug|Any CPU.Build.0 = Debug|Any CPU
		{7D35E8E4-B788-4AF5-85DF-2BB1C3EF0BBE}.Release|Any CPU.ActiveCfg = Release|Any CPU
		{7D35E8E4-B788-4AF5-85DF-2BB1C3EF0BBE}.Release|Any CPU.Build.0 = Release|Any CPU
	EndGlobalSection
	GlobalSection(SolutionProperties) = preSolution
		HideSolutionNode = FALSE
	EndGlobalSection
	GlobalSection(ExtensibilityGlobals) = postSolution
		SolutionGuid = {24615C8E-A825-4D16-8839-8CB4B88EAC94}
	EndGlobalSection
EndGlobal
